# Fingerprint of the bundled Unity Catalog UI (node/), regenerated by
# `just ui-fingerprint`. DO NOT EDIT BY HAND. This file lives in the
# olai-uc-server crate so a UI change registers as a crate change and release-plz
# rebuilds the Docker image — see the recipe and release-plz.toml.
3c47be1f7b913aabd03f8662b37f13910a09826dbc0fb295fd437d3f90821c9c
