# Fingerprint of the bundled Unity Catalog UI (node/), regenerated by
# `just ui-fingerprint`. DO NOT EDIT BY HAND. This file lives in the
# olai-uc-server crate so a UI change registers as a crate change and release-plz
# rebuilds the Docker image — see the recipe and release-plz.toml.
870e9ee357b16d740da1a7c883773bd85146e1460bb68e9c9daa67f6a5ecb7e8
